
Microsoft Visual Studio Solution File, Format Version 12.00
# Visual Studio Version 17
VisualStudioVersion = 17.2.32427.441
MinimumVisualStudioVersion = 10.0.40219.1
Project("{9A19103F-16F7-4668-BE54-9A1E7A4F7556}") = "Chat", "Chat\Chat.csproj", "{36989F94-093B-488C-B591-1496F220EAE0}"
EndProject
Project("{9A19103F-16F7-4668-BE54-9A1E7A4F7556}") = "Chat.Core", "Chat.Core\Chat.Core.csproj", "{D8F9BEE1-E03B-4940-B0A0-61658A3C21D1}"
EndProject
Project("{FAE04EC0-301F-11D3-BF4B-00C04F79EFBC}") = "Chat.Relational", "Chat.Relational\Chat.Relational.csproj", "{AB616B1E-E955-4EFC-A0D7-7D3BB5DABEF4}"
EndProject
Global
	GlobalSection(SolutionConfigurationPlatforms) = preSolution
		Debug|Any CPU = Debug|Any CPU
		Release|Any CPU = Release|Any CPU
	EndGlobalSection
	GlobalSection(ProjectConfigurationPlatforms) = postSolution
		{36989F94-093B-488C-B591-1496F220EAE0}.Debug|Any CPU.ActiveCfg = Debug|Any CPU
		{36989F94-093B-488C-B591-1496F220EAE0}.Debug|Any CPU.Build.0 = Debug|Any CPU
		{36989F94-093B-488C-B591-1496F220EAE0}.Release|Any CPU.ActiveCfg = Release|Any CPU
		{36989F94-093B-488C-B591-1496F220EAE0}.Release|Any CPU.Build.0 = Release|Any CPU
		{D8F9BEE1-E03B-4940-B0A0-61658A3C21D1}.Debug|Any CPU.ActiveCfg = Debug|Any CPU
		{D8F9BEE1-E03B-4940-B0A0-61658A3C21D1}.Debug|Any CPU.Build.0 = Debug|Any CPU
		{D8F9BEE1-E03B-4940-B0A0-61658A3C21D1}.Release|Any CPU.ActiveCfg = Release|Any CPU
		{D8F9BEE1-E03B-4940-B0A0-61658A3C21D1}.Release|Any CPU.Build.0 = Release|Any CPU
		{AB616B1E-E955-4EFC-A0D7-7D3BB5DABEF4}.Debug|Any CPU.ActiveCfg = Debug|Any CPU
		{AB616B1E-E955-4EFC-A0D7-7D3BB5DABEF4}.Debug|Any CPU.Build.0 = Debug|Any CPU
		{AB616B1E-E955-4EFC-A0D7-7D3BB5DABEF4}.Release|Any CPU.ActiveCfg = Release|Any CPU
		{AB616B1E-E955-4EFC-A0D7-7D3BB5DABEF4}.Release|Any CPU.Build.0 = Release|Any CPU
	EndGlobalSection
	GlobalSection(SolutionProperties) = preSolution
		HideSolutionNode = FALSE
	EndGlobalSection
	GlobalSection(ExtensibilityGlobals) = postSolution
		SolutionGuid = {B3BE4CFF-09CE-4101-B3FA-FB8F1E1E6D9A}
	EndGlobalSection
EndGlobal
