
Microsoft Visual Studio Solution File, Format Version 12.00
# Visual Studio Version 17
VisualStudioVersion = 17.2.32427.441
MinimumVisualStudioVersion = 10.0.40219.1
Project("{9A19103F-16F7-4668-BE54-9A1E7A4F7556}") = "Chat.WebApi", "Chat.WebApi\Chat.WebApi.csproj", "{4B453B55-0B5A-4AAD-8544-8D7957D090DF}"
EndProject
Project("{9A19103F-16F7-4668-BE54-9A1E7A4F7556}") = "Chat.Core", "Chat.Core\Chat.Core.csproj", "{B0DF5637-114F-4163-B85D-9F07C4078554}"
EndProject
Global
	GlobalSection(SolutionConfigurationPlatforms) = preSolution
		Debug|Any CPU = Debug|Any CPU
		Release|Any CPU = Release|Any CPU
	EndGlobalSection
	GlobalSection(ProjectConfigurationPlatforms) = postSolution
		{4B453B55-0B5A-4AAD-8544-8D7957D090DF}.Debug|Any CPU.ActiveCfg = Debug|Any CPU
		{4B453B55-0B5A-4AAD-8544-8D7957D090DF}.Debug|Any CPU.Build.0 = Debug|Any CPU
		{4B453B55-0B5A-4AAD-8544-8D7957D090DF}.Release|Any CPU.ActiveCfg = Release|Any CPU
		{4B453B55-0B5A-4AAD-8544-8D7957D090DF}.Release|Any CPU.Build.0 = Release|Any CPU
		{B0DF5637-114F-4163-B85D-9F07C4078554}.Debug|Any CPU.ActiveCfg = Debug|Any CPU
		{B0DF5637-114F-4163-B85D-9F07C4078554}.Debug|Any CPU.Build.0 = Debug|Any CPU
		{B0DF5637-114F-4163-B85D-9F07C4078554}.Release|Any CPU.ActiveCfg = Release|Any CPU
		{B0DF5637-114F-4163-B85D-9F07C4078554}.Release|Any CPU.Build.0 = Release|Any CPU
	EndGlobalSection
	GlobalSection(SolutionProperties) = preSolution
		HideSolutionNode = FALSE
	EndGlobalSection
	GlobalSection(ExtensibilityGlobals) = postSolution
		SolutionGuid = {8C3E741F-59D5-4668-AB82-18722B081ACA}
	EndGlobalSection
EndGlobal
